
Microsoft Visual Studio Solution File, Format Version 12.00
# Visual Studio 15
VisualStudioVersion = 15.0.28010.2036
MinimumVisualStudioVersion = 10.0.40219.1
Project("{FAE04EC0-301F-11D3-BF4B-00C04F79EFBC}") = "Grades", "Grades\Grades.csproj", "{DDEF9EDE-0233-4B7C-AF1F-B0405B7C8AAF}"
EndProject
Project("{FAE04EC0-301F-11D3-BF4B-00C04F79EFBC}") = "Grades.Tests", "Grades.Tests\Grades.Tests.csproj", "{AEE3FFA0-C79B-46C0-8706-0084E85CA741}"
EndProject
Global
	GlobalSection(SolutionConfigurationPlatforms) = preSolution
		Debug|Any CPU = Debug|Any CPU
		Release|Any CPU = Release|Any CPU
	EndGlobalSection
	GlobalSection(ProjectConfigurationPlatforms) = postSolution
		{DDEF9EDE-0233-4B7C-AF1F-B0405B7C8AAF}.Debug|Any CPU.ActiveCfg = Debug|Any CPU
		{DDEF9EDE-0233-4B7C-AF1F-B0405B7C8AAF}.Debug|Any CPU.Build.0 = Debug|Any CPU
		{DDEF9EDE-0233-4B7C-AF1F-B0405B7C8AAF}.Release|Any CPU.ActiveCfg = Release|Any CPU
		{DDEF9EDE-0233-4B7C-AF1F-B0405B7C8AAF}.Release|Any CPU.Build.0 = Release|Any CPU
		{AEE3FFA0-C79B-46C0-8706-0084E85CA741}.Debug|Any CPU.ActiveCfg = Debug|Any CPU
		{AEE3FFA0-C79B-46C0-8706-0084E85CA741}.Debug|Any CPU.Build.0 = Debug|Any CPU
		{AEE3FFA0-C79B-46C0-8706-0084E85CA741}.Release|Any CPU.ActiveCfg = Release|Any CPU
		{AEE3FFA0-C79B-46C0-8706-0084E85CA741}.Release|Any CPU.Build.0 = Release|Any CPU
	EndGlobalSection
	GlobalSection(SolutionProperties) = preSolution
		HideSolutionNode = FALSE
	EndGlobalSection
	GlobalSection(ExtensibilityGlobals) = postSolution
		SolutionGuid = {5092FC0B-E524-44F7-9AE2-AD5D03C0E58D}
	EndGlobalSection
EndGlobal
